
Microsoft Visual Studio Solution File, Format Version 12.00
# Visual Studio Version 16
VisualStudioVersion = 16.0.31321.278
MinimumVisualStudioVersion = 10.0.40219.1
Project("{FAE04EC0-301F-11D3-BF4B-00C04F79EFBC}") = "Task4", "Task4\Task4.csproj", "{3EF4DF37-8A07-413C-81E9-C889B8E86700}"
EndProject
Global
	GlobalSection(SolutionConfigurationPlatforms) = preSolution
		Debug|Any CPU = Debug|Any CPU
		Release|Any CPU = Release|Any CPU
	EndGlobalSection
	GlobalSection(ProjectConfigurationPlatforms) = postSolution
		{3EF4DF37-8A07-413C-81E9-C889B8E86700}.Debug|Any CPU.ActiveCfg = Debug|Any CPU
		{3EF4DF37-8A07-413C-81E9-C889B8E86700}.Debug|Any CPU.Build.0 = Debug|Any CPU
		{3EF4DF37-8A07-413C-81E9-C889B8E86700}.Release|Any CPU.ActiveCfg = Release|Any CPU
		{3EF4DF37-8A07-413C-81E9-C889B8E86700}.Release|Any CPU.Build.0 = Release|Any CPU
	EndGlobalSection
	GlobalSection(SolutionProperties) = preSolution
		HideSolutionNode = FALSE
	EndGlobalSection
	GlobalSection(ExtensibilityGlobals) = postSolution
		SolutionGuid = {22AFFDB1-0253-4577-B29D-84F9A881333C}
	EndGlobalSection
EndGlobal
