
Microsoft Visual Studio Solution File, Format Version 12.00
# Visual Studio Version 16
VisualStudioVersion = 16.0.31321.278
MinimumVisualStudioVersion = 10.0.40219.1
Project("{FAE04EC0-301F-11D3-BF4B-00C04F79EFBC}") = "Task4", "Task4\Task4.csproj", "{FA536997-5157-4DED-8A2F-0C4A82662DAE}"
EndProject
Global
	GlobalSection(SolutionConfigurationPlatforms) = preSolution
		Debug|Any CPU = Debug|Any CPU
		Release|Any CPU = Release|Any CPU
	EndGlobalSection
	GlobalSection(ProjectConfigurationPlatforms) = postSolution
		{FA536997-5157-4DED-8A2F-0C4A82662DAE}.Debug|Any CPU.ActiveCfg = Debug|Any CPU
		{FA536997-5157-4DED-8A2F-0C4A82662DAE}.Debug|Any CPU.Build.0 = Debug|Any CPU
		{FA536997-5157-4DED-8A2F-0C4A82662DAE}.Release|Any CPU.ActiveCfg = Release|Any CPU
		{FA536997-5157-4DED-8A2F-0C4A82662DAE}.Release|Any CPU.Build.0 = Release|Any CPU
	EndGlobalSection
	GlobalSection(SolutionProperties) = preSolution
		HideSolutionNode = FALSE
	EndGlobalSection
	GlobalSection(ExtensibilityGlobals) = postSolution
		SolutionGuid = {7875297F-D9A9-4A9F-A1CB-4EB4099BA5E5}
	EndGlobalSection
EndGlobal
